
Microsoft Visual Studio Solution File, Format Version 12.00
# Visual Studio 15
VisualStudioVersion = 15.0.28307.1259
MinimumVisualStudioVersion = 10.0.40219.1
Project("{FAE04EC0-301F-11D3-BF4B-00C04F79EFBC}") = "Subdomain Scanner", "Subdomain Scanner.csproj", "{91C9CC4D-91BD-4C2C-B43B-FFE958B3106C}"
EndProject
Global
	GlobalSection(SolutionConfigurationPlatforms) = preSolution
		Debug|Any CPU = Debug|Any CPU
		Release|Any CPU = Release|Any CPU
	EndGlobalSection
	GlobalSection(ProjectConfigurationPlatforms) = postSolution
		{91C9CC4D-91BD-4C2C-B43B-FFE958B3106C}.Debug|Any CPU.ActiveCfg = Debug|Any CPU
		{91C9CC4D-91BD-4C2C-B43B-FFE958B3106C}.Debug|Any CPU.Build.0 = Debug|Any CPU
		{91C9CC4D-91BD-4C2C-B43B-FFE958B3106C}.Release|Any CPU.ActiveCfg = Release|Any CPU
		{91C9CC4D-91BD-4C2C-B43B-FFE958B3106C}.Release|Any CPU.Build.0 = Release|Any CPU
	EndGlobalSection
	GlobalSection(SolutionProperties) = preSolution
		HideSolutionNode = FALSE
	EndGlobalSection
	GlobalSection(ExtensibilityGlobals) = postSolution
		SolutionGuid = {C74E9CAD-D327-460C-94E0-810186E670E0}
	EndGlobalSection
EndGlobal
