
Microsoft Visual Studio Solution File, Format Version 12.00
# Visual Studio 15
VisualStudioVersion = 15.0.28307.1259
MinimumVisualStudioVersion = 10.0.40219.1
Project("{FAE04EC0-301F-11D3-BF4B-00C04F79EFBC}") = "DashlorisX", "DashlorisX.csproj", "{06C18E8F-F7AC-4B17-8E43-B29788CE34A4}"
EndProject
Global
	GlobalSection(SolutionConfigurationPlatforms) = preSolution
		Debug|Any CPU = Debug|Any CPU
		Release|Any CPU = Release|Any CPU
	EndGlobalSection
	GlobalSection(ProjectConfigurationPlatforms) = postSolution
		{06C18E8F-F7AC-4B17-8E43-B29788CE34A4}.Debug|Any CPU.ActiveCfg = Debug|Any CPU
		{06C18E8F-F7AC-4B17-8E43-B29788CE34A4}.Debug|Any CPU.Build.0 = Debug|Any CPU
		{06C18E8F-F7AC-4B17-8E43-B29788CE34A4}.Release|Any CPU.ActiveCfg = Release|Any CPU
		{06C18E8F-F7AC-4B17-8E43-B29788CE34A4}.Release|Any CPU.Build.0 = Release|Any CPU
	EndGlobalSection
	GlobalSection(SolutionProperties) = preSolution
		HideSolutionNode = FALSE
	EndGlobalSection
	GlobalSection(ExtensibilityGlobals) = postSolution
		SolutionGuid = {1833704F-3717-4B76-9DB2-DEB13CAC57EA}
	EndGlobalSection
EndGlobal
